
Microsoft Visual Studio Solution File, Format Version 12.00
# Visual Studio Version 17
VisualStudioVersion = 17.0.32112.339
MinimumVisualStudioVersion = 10.0.40219.1
Project("{8BC9CEB8-8B4A-11D0-8D11-00A0C91BC942}") = "LAB_NO.3_Anthony_Belteton_1171422", "LAB_NO.3_Anthony_Belteton_1171422.vcxproj", "{0912E5D1-785E-4808-9B79-830CFD136DB7}"
EndProject
Global
	GlobalSection(SolutionConfigurationPlatforms) = preSolution
		Debug|x64 = Debug|x64
		Debug|x86 = Debug|x86
		Release|x64 = Release|x64
		Release|x86 = Release|x86
	EndGlobalSection
	GlobalSection(ProjectConfigurationPlatforms) = postSolution
		{0912E5D1-785E-4808-9B79-830CFD136DB7}.Debug|x64.ActiveCfg = Debug|x64
		{0912E5D1-785E-4808-9B79-830CFD136DB7}.Debug|x64.Build.0 = Debug|x64
		{0912E5D1-785E-4808-9B79-830CFD136DB7}.Debug|x86.ActiveCfg = Debug|Win32
		{0912E5D1-785E-4808-9B79-830CFD136DB7}.Debug|x86.Build.0 = Debug|Win32
		{0912E5D1-785E-4808-9B79-830CFD136DB7}.Release|x64.ActiveCfg = Release|x64
		{0912E5D1-785E-4808-9B79-830CFD136DB7}.Release|x64.Build.0 = Release|x64
		{0912E5D1-785E-4808-9B79-830CFD136DB7}.Release|x86.ActiveCfg = Release|Win32
		{0912E5D1-785E-4808-9B79-830CFD136DB7}.Release|x86.Build.0 = Release|Win32
	EndGlobalSection
	GlobalSection(SolutionProperties) = preSolution
		HideSolutionNode = FALSE
	EndGlobalSection
	GlobalSection(ExtensibilityGlobals) = postSolution
		SolutionGuid = {3767208E-9221-4A22-A264-6F9F84F1B58B}
	EndGlobalSection
EndGlobal
